# This file is autogenerated, do not edit; changes may be undone by the next 'dep ensure'.


[[projects]]
  branch = "master"
  name = "github.com/dvilchansky/gopubg"
  packages = [".","models/match","models/player"]
  revision = "04337ea93dd5f01401e9225f733ad6a0573cafcc"

[[projects]]
  name = "github.com/go-sql-driver/mysql"
  packages = ["."]
  revision = "72cd26f257d44c1114970e19afddcd812016007e"
  version = "v1.4.1"

[[projects]]
  name = "github.com/konsorten/go-windows-terminal-sequences"
  packages = ["."]
  revision = "f55edac94c9bbba5d6182a4be46d86a2c9b5b50e"
  version = "v1.0.2"

[[projects]]
  name = "github.com/sirupsen/logrus"
  packages = ["."]
  revision = "e1e72e9de974bd926e5c56f83753fba2df402ce5"
  version = "v1.3.0"

[[projects]]
  branch = "master"
  name = "github.com/slemgrim/jsonapi"
  packages = ["."]
  revision = "417d4eb8fb29f0e8d267b8833406418394dcd1ee"

[[projects]]
  branch = "master"
  name = "golang.org/x/crypto"
  packages = ["ssh/terminal"]
  revision = "8dd112bcdc25174059e45e07517d9fc663123347"

[[projects]]
  branch = "master"
  name = "golang.org/x/sys"
  packages = ["unix","windows"]
  revision = "584f3b12f43e1e55248c90e84804777009eed0a4"

[[projects]]
  name = "google.golang.org/appengine"
  packages = ["cloudsql"]
  revision = "e9657d882bb81064595ca3b56cbe2546bbabf7b1"
  version = "v1.4.0"

[solve-meta]
  analyzer-name = "dep"
  analyzer-version = 1
  inputs-digest = "2a78d82683bd53c2b90dae98e274c68d7732fc81d522c44567d9d78485a81c1c"
  solver-name = "gps-cdcl"
  solver-version = 1
